# THIS IS AN AUTOGENERATED FILE. DO NOT EDIT THIS FILE DIRECTLY.
# yarn lockfile v1


"@types/prop-types@*":
  version "15.5.6"
  resolved "https://registry.yarnpkg.com/@types/prop-types/-/prop-types-15.5.6.tgz#9c03d3fed70a8d517c191b7734da2879b50ca26c"

"@types/react-native@*":
  version "0.57.10"
  resolved "https://registry.yarnpkg.com/@types/react-native/-/react-native-0.57.10.tgz#2ef84d7a691b541b72367ca6e5c8271ca8d589e9"
  dependencies:
    "@types/prop-types" "*"
    "@types/react" "*"

"@types/react-navigation@^2.13.2":
  version "2.13.2"
  resolved "https://registry.yarnpkg.com/@types/react-navigation/-/react-navigation-2.13.2.tgz#100d06a518f91df59f6160d8f070e5c6e046f5c5"
  dependencies:
    "@types/react" "*"
    "@types/react-native" "*"

"@types/react@*":
  version "16.7.6"
  resolved "https://registry.yarnpkg.com/@types/react/-/react-16.7.6.tgz#80e4bab0d0731ad3ae51f320c4b08bdca5f03040"
  dependencies:
    "@types/prop-types" "*"
    csstype "^2.2.0"

csstype@^2.2.0:
  version "2.5.7"
  resolved "https://registry.yarnpkg.com/csstype/-/csstype-2.5.7.tgz#bf9235d5872141eccfb2d16d82993c6b149179ff"
